// !$*UTF8*$!
{
	archiveVersion = 1;
	classes = {
	};
	objectVersion = 55;
	objects = {

/* Begin PBXBuildFile section */
		26FDB1F827B0431300A5B8C9 /* AbilityApp.swift in Sources */ = {isa = PBXBuildFile; fileRef = 26FDB1F727B0431300A5B8C9 /* AbilityApp.swift */; };
		26FDB1FA27B0431300A5B8C9 /* ContentView.swift in Sources */ = {isa = PBXBuildFile; fileRef = 26FDB1F927B0431300A5B8C9 /* ContentView.swift */; };
		26FDB1FC27B0431500A5B8C9 /* Assets.xcassets in Resources */ = {isa = PBXBuildFile; fileRef = 26FDB1FB27B0431500A5B8C9 /* Assets.xcassets */; };
		26FDB1FF27B0431500A5B8C9 /* Preview Assets.xcassets in Resources */ = {isa = PBXBuildFile; fileRef = 26FDB1FE27B0431500A5B8C9 /* Preview Assets.xcassets */; };
		26FDB20927B0431500A5B8C9 /* AbilityTests.swift in Sources */ = {isa = PBXBuildFile; fileRef = 26FDB20827B0431500A5B8C9 /* AbilityTests.swift */; };
		26FDB21327B0431600A5B8C9 /* AbilityUITests.swift in Sources */ = {isa = PBXBuildFile; fileRef = 26FDB21227B0431600A5B8C9 /* AbilityUITests.swift */; };
		26FDB21527B0431600A5B8C9 /* AbilityUITestsLaunchTests.swift in Sources */ = {isa = PBXBuildFile; fileRef = 26FDB21427B0431600A5B8C9 /* AbilityUITestsLaunchTests.swift */; };
/* End PBXBuildFile section */

/* Begin PBXContainerItemProxy section */
		26FDB20527B0431500A5B8C9 /* PBXContainerItemProxy */ = {
			isa = PBXContainerItemProxy;
			containerPortal = 26FDB1EC27B0431300A5B8C9 /* Project object */;
			proxyType = 1;
			remoteGlobalIDString = 26FDB1F327B0431300A5B8C9;
			remoteInfo = Ability;
		};
		26FDB20F27B0431500A5B8C9 /* PBXContainerItemProxy */ = {
			isa = PBXContainerItemProxy;
			containerPortal = 26FDB1EC27B0431300A5B8C9 /* Project object */;
			proxyType = 1;
			remoteGlobalIDString = 26FDB1F327B0431300A5B8C9;
			remoteInfo = Ability;
		};
/* End PBXContainerItemProxy section */

/* Begin PBXFileReference section */
		26FDB1F427B0431300A5B8C9 /* Ability.app */ = {isa = PBXFileReference; explicitFileType = wrapper.application; includeInIndex = 0; path = Ability.app; sourceTree = BUILT_PRODUCTS_DIR; };
		26FDB1F727B0431300A5B8C9 /* AbilityApp.swift */ = {isa = PBXFileReference; lastKnownFileType = sourcecode.swift; path = AbilityApp.swift; sourceTree = "<group>"; };
		26FDB1F927B0431300A5B8C9 /* ContentView.swift */ = {isa = PBXFileReference; lastKnownFileType = sourcecode.swift; path = ContentView.swift; sourceTree = "<group>"; };
		26FDB1FB27B0431500A5B8C9 /* Assets.xcassets */ = {isa = PBXFileReference; lastKnownFileType = folder.assetcatalog; path = Assets.xcassets; sourceTree = "<group>"; };
		26FDB1FE27B0431500A5B8C9 /* Preview Assets.xcassets */ = {isa = PBXFileReference; lastKnownFileType = folder.assetcatalog; path = "Preview Assets.xcassets"; sourceTree = "<group>"; };
		26FDB20427B0431500A5B8C9 /* AbilityTests.xctest */ = {isa = PBXFileReference; explicitFileType = wrapper.cfbundle; includeInIndex = 0; path = AbilityTests.xctest; sourceTree = BUILT_PRODUCTS_DIR; };
		26FDB20827B0431500A5B8C9 /* AbilityTests.swift */ = {isa = PBXFileReference; lastKnownFileType = sourcecode.swift; path = AbilityTests.swift; sourceTree = "<group>"; };
		26FDB20E27B0431500A5B8C9 /* AbilityUITests.xctest */ = {isa = PBXFileReference; explicitFileType = wrapper.cfbundle; includeInIndex = 0; path = AbilityUITests.xctest; sourceTree = BUILT_PRODUCTS_DIR; };
		26FDB21227B0431600A5B8C9 /* AbilityUITests.swift */ = {isa = PBXFileReference; lastKnownFileType = sourcecode.swift; path = AbilityUITests.swift; sourceTree = "<group>"; };
		26FDB21427B0431600A5B8C9 /* AbilityUITestsLaunchTests.swift */ = {isa = PBXFileReference; lastKnownFileType = sourcecode.swift; path = AbilityUITestsLaunchTests.swift; sourceTree = "<group>"; };
/* End PBXFileReference section */

/* Begin PBXFrameworksBuildPhase section */
		26FDB1F127B0431300A5B8C9 /* Frameworks */ = {
			isa = PBXFrameworksBuildPhase;
			buildActionMask = 2147483647;
			files = (
			);
			runOnlyForDeploymentPostprocessing = 0;
		};
		26FDB20127B0431500A5B8C9 /* Frameworks */ = {
			isa = PBXFrameworksBuildPhase;
			buildActionMask = 2147483647;
			files = (
			);
			runOnlyForDeploymentPostprocessing = 0;
		};
		26FDB20B27B0431500A5B8C9 /* Frameworks */ = {
			isa = PBXFrameworksBuildPhase;
			buildActionMask = 2147483647;
			files = (
			);
			runOnlyForDeploymentPostprocessing = 0;
		};
/* End PBXFrameworksBuildPhase section */

/* Begin PBXGroup section */
		26FDB1EB27B0431300A5B8C9 = {
			isa = PBXGroup;
			children = (
				26FDB1F627B0431300A5B8C9 /* Ability */,
				26FDB20727B0431500A5B8C9 /* AbilityTests */,
				26FDB21127B0431600A5B8C9 /* AbilityUITests */,
				26FDB1F527B0431300A5B8C9 /* Products */,
			);
			sourceTree = "<group>";
		};
		26FDB1F527B0431300A5B8C9 /* Products */ = {
			isa = PBXGroup;
			children = (
				26FDB1F427B0431300A5B8C9 /* Ability.app */,
				26FDB20427B0431500A5B8C9 /* AbilityTests.xctest */,
				26FDB20E27B0431500A5B8C9 /* AbilityUITests.xctest */,
			);
			name = Products;
			sourceTree = "<group>";
		};
		26FDB1F627B0431300A5B8C9 /* Ability */ = {
			isa = PBXGroup;
			children = (
				26FDB1F727B0431300A5B8C9 /* AbilityApp.swift */,
				26FDB1F927B0431300A5B8C9 /* ContentView.swift */,
				26FDB1FB27B0431500A5B8C9 /* Assets.xcassets */,
				26FDB1FD27B0431500A5B8C9 /* Preview Content */,
			);
			path = Ability;
			sourceTree = "<group>";
		};
		26FDB1FD27B0431500A5B8C9 /* Preview Content */ = {
			isa = PBXGroup;
			children = (
				26FDB1FE27B0431500A5B8C9 /* Preview Assets.xcassets */,
			);
			path = "Preview Content";
			sourceTree = "<group>";
		};
		26FDB20727B0431500A5B8C9 /* AbilityTests */ = {
			isa = PBXGroup;
			children = (
				26FDB20827B0431500A5B8C9 /* AbilityTests.swift */,
			);
			path = AbilityTests;
			sourceTree = "<group>";
		};
		26FDB21127B0431600A5B8C9 /* AbilityUITests */ = {
			isa = PBXGroup;
			children = (
				26FDB21227B0431600A5B8C9 /* AbilityUITests.swift */,
				26FDB21427B0431600A5B8C9 /* AbilityUITestsLaunchTests.swift */,
			);
			path = AbilityUITests;
			sourceTree = "<group>";
		};
/* End PBXGroup section */

/* Begin PBXNativeTarget section */
		26FDB1F327B0431300A5B8C9 /* Ability */ = {
			isa = PBXNativeTarget;
			buildConfigurationList = 26FDB21827B0431600A5B8C9 /* Build configuration list for PBXNativeTarget "Ability" */;
			buildPhases = (
				26FDB1F027B0431300A5B8C9 /* Sources */,
				26FDB1F127B0431300A5B8C9 /* Frameworks */,
				26FDB1F227B0431300A5B8C9 /* Resources */,
			);
			buildRules = (
			);
			dependencies = (
			);
			name = Ability;
			productName = Ability;
			productReference = 26FDB1F427B0431300A5B8C9 /* Ability.app */;
			productType = "com.apple.product-type.application";
		};
		26FDB20327B0431500A5B8C9 /* AbilityTests */ = {
			isa = PBXNativeTarget;
			buildConfigurationList = 26FDB21B27B0431600A5B8C9 /* Build configuration list for PBXNativeTarget "AbilityTests" */;
			buildPhases = (
				26FDB20027B0431500A5B8C9 /* Sources */,
				26FDB20127B0431500A5B8C9 /* Frameworks */,
				26FDB20227B0431500A5B8C9 /* Resources */,
			);
			buildRules = (
			);
			dependencies = (
				26FDB20627B0431500A5B8C9 /* PBXTargetDependency */,
			);
			name = AbilityTests;
			productName = AbilityTests;
			productReference = 26FDB20427B0431500A5B8C9 /* AbilityTests.xctest */;
			productType = "com.apple.product-type.bundle.unit-test";
		};
		26FDB20D27B0431500A5B8C9 /* AbilityUITests */ = {
			isa = PBXNativeTarget;
			buildConfigurationList = 26FDB21E27B0431600A5B8C9 /* Build configuration list for PBXNativeTarget "AbilityUITests" */;
			buildPhases = (
				26FDB20A27B0431500A5B8C9 /* Sources */,
				26FDB20B27B0431500A5B8C9 /* Frameworks */,
				26FDB20C27B0431500A5B8C9 /* Resources */,
			);
			buildRules = (
			);
			dependencies = (
				26FDB21027B0431500A5B8C9 /* PBXTargetDependency */,
			);
			name = AbilityUITests;
			productName = AbilityUITests;
			productReference = 26FDB20E27B0431500A5B8C9 /* AbilityUITests.xctest */;
			productType = "com.apple.product-type.bundle.ui-testing";
		};
/* End PBXNativeTarget section */

/* Begin PBXProject section */
		26FDB1EC27B0431300A5B8C9 /* Project object */ = {
			isa = PBXProject;
			attributes = {
				BuildIndependentTargetsInParallel = 1;
				LastSwiftUpdateCheck = 1320;
				LastUpgradeCheck = 1320;
				TargetAttributes = {
					26FDB1F327B0431300A5B8C9 = {
						CreatedOnToolsVersion = 13.2.1;
					};
					26FDB20327B0431500A5B8C9 = {
						CreatedOnToolsVersion = 13.2.1;
						TestTargetID = 26FDB1F327B0431300A5B8C9;
					};
					26FDB20D27B0431500A5B8C9 = {
						CreatedOnToolsVersion = 13.2.1;
						TestTargetID = 26FDB1F327B0431300A5B8C9;
					};
				};
			};
			buildConfigurationList = 26FDB1EF27B0431300A5B8C9 /* Build configuration list for PBXProject "Ability" */;
			compatibilityVersion = "Xcode 13.0";
			developmentRegion = en;
			hasScannedForEncodings = 0;
			knownRegions = (
				en,
				Base,
			);
			mainGroup = 26FDB1EB27B0431300A5B8C9;
			productRefGroup = 26FDB1F527B0431300A5B8C9 /* Products */;
			projectDirPath = "";
			projectRoot = "";
			targets = (
				26FDB1F327B0431300A5B8C9 /* Ability */,
				26FDB20327B0431500A5B8C9 /* AbilityTests */,
				26FDB20D27B0431500A5B8C9 /* AbilityUITests */,
			);
		};
/* End PBXProject section */

/* Begin PBXResourcesBuildPhase section */
		26FDB1F227B0431300A5B8C9 /* Resources */ = {
			isa = PBXResourcesBuildPhase;
			buildActionMask = 2147483647;
			files = (
				26FDB1FF27B0431500A5B8C9 /* Preview Assets.xcassets in Resources */,
				26FDB1FC27B0431500A5B8C9 /* Assets.xcassets in Resources */,
			);
			runOnlyForDeploymentPostprocessing = 0;
		};
		26FDB20227B0431500A5B8C9 /* Resources */ = {
			isa = PBXResourcesBuildPhase;
			buildActionMask = 2147483647;
			files = (
			);
			runOnlyForDeploymentPostprocessing = 0;
		};
		26FDB20C27B0431500A5B8C9 /* Resources */ = {
			isa = PBXResourcesBuildPhase;
			buildActionMask = 2147483647;
			files = (
			);
			runOnlyForDeploymentPostprocessing = 0;
		};
/* End PBXResourcesBuildPhase section */

/* Begin PBXSourcesBuildPhase section */
		26FDB1F027B0431300A5B8C9 /* Sources */ = {
			isa = PBXSourcesBuildPhase;
			buildActionMask = 2147483647;
			files = (
				26FDB1FA27B0431300A5B8C9 /* ContentView.swift in Sources */,
				26FDB1F827B0431300A5B8C9 /* AbilityApp.swift in Sources */,
			);
			runOnlyForDeploymentPostprocessing = 0;
		};
		26FDB20027B0431500A5B8C9 /* Sources */ = {
			isa = PBXSourcesBuildPhase;
			buildActionMask = 2147483647;
			files = (
				26FDB20927B0431500A5B8C9 /* AbilityTests.swift in Sources */,
			);
			runOnlyForDeploymentPostprocessing = 0;
		};
		26FDB20A27B0431500A5B8C9 /* Sources */ = {
			isa = PBXSourcesBuildPhase;
			buildActionMask = 2147483647;
			files = (
				26FDB21327B0431600A5B8C9 /* AbilityUITests.swift in Sources */,
				26FDB21527B0431600A5B8C9 /* AbilityUITestsLaunchTests.swift in Sources */,
			);
			runOnlyForDeploymentPostprocessing = 0;
		};
/* End PBXSourcesBuildPhase section */

/* Begin PBXTargetDependency section */
		26FDB20627B0431500A5B8C9 /* PBXTargetDependency */ = {
			isa = PBXTargetDependency;
			target = 26FDB1F327B0431300A5B8C9 /* Ability */;
			targetProxy = 26FDB20527B0431500A5B8C9 /* PBXContainerItemProxy */;
		};
		26FDB21027B0431500A5B8C9 /* PBXTargetDependency */ = {
			isa = PBXTargetDependency;
			target = 26FDB1F327B0431300A5B8C9 /* Ability */;
			targetProxy = 26FDB20F27B0431500A5B8C9 /* PBXContainerItemProxy */;
		};
/* End PBXTargetDependency section */

/* Begin XCBuildConfiguration section */
		26FDB21627B0431600A5B8C9 /* Debug */ = {
			isa = XCBuildConfiguration;
			buildSettings = {
				ALWAYS_SEARCH_USER_PATHS = NO;
				CLANG_ANALYZER_NONNULL = YES;
				CLANG_ANALYZER_NUMBER_OBJECT_CONVERSION = YES_AGGRESSIVE;
				CLANG_CXX_LANGUAGE_STANDARD = "gnu++17";
				CLANG_CXX_LIBRARY = "libc++";
				CLANG_ENABLE_MODULES = YES;
				CLANG_ENABLE_OBJC_ARC = YES;
				CLANG_ENABLE_OBJC_WEAK = YES;
				CLANG_WARN_BLOCK_CAPTURE_AUTORELEASING = YES;
				CLANG_WARN_BOOL_CONVERSION = YES;
				CLANG_WARN_COMMA = YES;
				CLANG_WARN_CONSTANT_CONVERSION = YES;
				CLANG_WARN_DEPRECATED_OBJC_IMPLEMENTATIONS = YES;
				CLANG_WARN_DIRECT_OBJC_ISA_USAGE = YES_ERROR;
				CLANG_WARN_DOCUMENTATION_COMMENTS = YES;
				CLANG_WARN_EMPTY_BODY = YES;
				CLANG_WARN_ENUM_CONVERSION = YES;
				CLANG_WARN_INFINITE_RECURSION = YES;
				CLANG_WARN_INT_CONVERSION = YES;
				CLANG_WARN_NON_LITERAL_NULL_CONVERSION = YES;
				CLANG_WARN_OBJC_IMPLICIT_RETAIN_SELF = YES;
				CLANG_WARN_OBJC_LITERAL_CONVERSION = YES;
				CLANG_WARN_OBJC_ROOT_CLASS = YES_ERROR;
				CLANG_WARN_QUOTED_INCLUDE_IN_FRAMEWORK_HEADER = YES;
				CLANG_WARN_RANGE_LOOP_ANALYSIS = YES;
				CLANG_WARN_STRICT_PROTOTYPES = YES;
				CLANG_WARN_SUSPICIOUS_MOVE = YES;
				CLANG_WARN_UNGUARDED_AVAILABILITY = YES_AGGRESSIVE;
				CLANG_WARN_UNREACHABLE_CODE = YES;
				CLANG_WARN__DUPLICATE_METHOD_MATCH = YES;
				COPY_PHASE_STRIP = NO;
				DEBUG_INFORMATION_FORMAT = dwarf;
				ENABLE_STRICT_OBJC_MSGSEND = YES;
				ENABLE_TESTABILITY = YES;
				GCC_C_LANGUAGE_STANDARD = gnu11;
				GCC_DYNAMIC_NO_PIC = NO;
				GCC_NO_COMMON_BLOCKS = YES;
				GCC_OPTIMIZATION_LEVEL = 0;
				GCC_PREPROCESSOR_DEFINITIONS = (
					"DEBUG=1",
					"$(inherited)",
				);
				GCC_WARN_64_TO_32_BIT_CONVERSION = YES;
				GCC_WARN_ABOUT_RETURN_TYPE = YES_ERROR;
				GCC_WARN_UNDECLARED_SELECTOR = YES;
				GCC_WARN_UNINITIALIZED_AUTOS = YES_AGGRESSIVE;
				GCC_WARN_UNUSED_FUNCTION = YES;
				GCC_WARN_UNUSED_VARIABLE = YES;
				IPHONEOS_DEPLOYMENT_TARGET = 15.2;
				MTL_ENABLE_DEBUG_INFO = INCLUDE_SOURCE;
				MTL_FAST_MATH = YES;
				ONLY_ACTIVE_ARCH = YES;
				SDKROOT = iphoneos;
				SWIFT_ACTIVE_COMPILATION_CONDITIONS = DEBUG;
				SWIFT_OPTIMIZATION_LEVEL = "-Onone";
			};
			name = Debug;
		};
		26FDB21727B0431600A5B8C9 /* Release */ = {
			isa = XCBuildConfiguration;
			buildSettings = {
				ALWAYS_SEARCH_USER_PATHS = NO;
				CLANG_ANALYZER_NONNULL = YES;
				CLANG_ANALYZER_NUMBER_OBJECT_CONVERSION = YES_AGGRESSIVE;
				CLANG_CXX_LANGUAGE_STANDARD = "gnu++17";
				CLANG_CXX_LIBRARY = "libc++";
				CLANG_ENABLE_MODULES = YES;
				CLANG_ENABLE_OBJC_ARC = YES;
				CLANG_ENABLE_OBJC_WEAK = YES;
				CLANG_WARN_BLOCK_CAPTURE_AUTORELEASING = YES;
				CLANG_WARN_BOOL_CONVERSION = YES;
				CLANG_WARN_COMMA = YES;
				CLANG_WARN_CONSTANT_CONVERSION = YES;
				CLANG_WARN_DEPRECATED_OBJC_IMPLEMENTATIONS = YES;
				CLANG_WARN_DIRECT_OBJC_ISA_USAGE = YES_ERROR;
				CLANG_WARN_DOCUMENTATION_COMMENTS = YES;
				CLANG_WARN_EMPTY_BODY = YES;
				CLANG_WARN_ENUM_CONVERSION = YES;
				CLANG_WARN_INFINITE_RECURSION = YES;
				CLANG_WARN_INT_CONVERSION = YES;
				CLANG_WARN_NON_LITERAL_NULL_CONVERSION = YES;
				CLANG_WARN_OBJC_IMPLICIT_RETAIN_SELF = YES;
				CLANG_WARN_OBJC_LITERAL_CONVERSION = YES;
				CLANG_WARN_OBJC_ROOT_CLASS = YES_ERROR;
				CLANG_WARN_QUOTED_INCLUDE_IN_FRAMEWORK_HEADER = YES;
				CLANG_WARN_RANGE_LOOP_ANALYSIS = YES;
				CLANG_WARN_STRICT_PROTOTYPES = YES;
				CLANG_WARN_SUSPICIOUS_MOVE = YES;
				CLANG_WARN_UNGUARDED_AVAILABILITY = YES_AGGRESSIVE;
				CLANG_WARN_UNREACHABLE_CODE = YES;
				CLANG_WARN__DUPLICATE_METHOD_MATCH = YES;
				COPY_PHASE_STRIP = NO;
				DEBUG_INFORMATION_FORMAT = "dwarf-with-dsym";
				ENABLE_NS_ASSERTIONS = NO;
				ENABLE_STRICT_OBJC_MSGSEND = YES;
				GCC_C_LANGUAGE_STANDARD = gnu11;
				GCC_NO_COMMON_BLOCKS = YES;
				GCC_WARN_64_TO_32_BIT_CONVERSION = YES;
				GCC_WARN_ABOUT_RETURN_TYPE = YES_ERROR;
				GCC_WARN_UNDECLARED_SELECTOR = YES;
				GCC_WARN_UNINITIALIZED_AUTOS = YES_AGGRESSIVE;
				GCC_WARN_UNUSED_FUNCTION = YES;
				GCC_WARN_UNUSED_VARIABLE = YES;
				IPHONEOS_DEPLOYMENT_TARGET = 15.2;
				MTL_ENABLE_DEBUG_INFO = NO;
				MTL_FAST_MATH = YES;
				SDKROOT = iphoneos;
				SWIFT_COMPILATION_MODE = wholemodule;
				SWIFT_OPTIMIZATION_LEVEL = "-O";
				VALIDATE_PRODUCT = YES;
			};
			name = Release;
		};
		26FDB21927B0431600A5B8C9 /* Debug */ = {
			isa = XCBuildConfiguration;
			buildSettings = {
				ASSETCATALOG_COMPILER_APPICON_NAME = AppIcon;
				ASSETCATALOG_COMPILER_GLOBAL_ACCENT_COLOR_NAME = AccentColor;
				CODE_SIGN_STYLE = Automatic;
				CURRENT_PROJECT_VERSION = 1;
				DEVELOPMENT_ASSET_PATHS = "\"Ability/Preview Content\"";
				DEVELOPMENT_TEAM = 7AL6AYBK23;
				ENABLE_PREVIEWS = YES;
				GENERATE_INFOPLIST_FILE = YES;
				INFOPLIST_KEY_UIApplicationSceneManifest_Generation = YES;
				INFOPLIST_KEY_UIApplicationSupportsIndirectInputEvents = YES;
				INFOPLIST_KEY_UILaunchScreen_Generation = YES;
				INFOPLIST_KEY_UISupportedInterfaceOrientations_iPad = "UIInterfaceOrientationPortrait UIInterfaceOrientationPortraitUpsideDown UIInterfaceOrientationLandscapeLeft UIInterfaceOrientationLandscapeRight";
				INFOPLIST_KEY_UISupportedInterfaceOrientations_iPhone = "UIInterfaceOrientationPortrait UIInterfaceOrientationLandscapeLeft UIInterfaceOrientationLandscapeRight";
				LD_RUNPATH_SEARCH_PATHS = (
					"$(inherited)",
					"@executable_path/Frameworks",
				);
				MARKETING_VERSION = 1.0;
				PRODUCT_BUNDLE_IDENTIFIER = com.skaix.Ability;
				PRODUCT_NAME = "$(TARGET_NAME)";
				SWIFT_EMIT_LOC_STRINGS = YES;
				SWIFT_VERSION = 5.0;
				TARGETED_DEVICE_FAMILY = "1,2";
			};
			name = Debug;
		};
		26FDB21A27B0431600A5B8C9 /* Release */ = {
			isa = XCBuildConfiguration;
			buildSettings = {
				ASSETCATALOG_COMPILER_APPICON_NAME = AppIcon;
				ASSETCATALOG_COMPILER_GLOBAL_ACCENT_COLOR_NAME = AccentColor;
				CODE_SIGN_STYLE = Automatic;
				CURRENT_PROJECT_VERSION = 1;
				DEVELOPMENT_ASSET_PATHS = "\"Ability/Preview Content\"";
				DEVELOPMENT_TEAM = 7AL6AYBK23;
				ENABLE_PREVIEWS = YES;
				GENERATE_INFOPLIST_FILE = YES;
				INFOPLIST_KEY_UIApplicationSceneManifest_Generation = YES;
				INFOPLIST_KEY_UIApplicationSupportsIndirectInputEvents = YES;
				INFOPLIST_KEY_UILaunchScreen_Generation = YES;
				INFOPLIST_KEY_UISupportedInterfaceOrientations_iPad = "UIInterfaceOrientationPortrait UIInterfaceOrientationPortraitUpsideDown UIInterfaceOrientationLandscapeLeft UIInterfaceOrientationLandscapeRight";
				INFOPLIST_KEY_UISupportedInterfaceOrientations_iPhone = "UIInterfaceOrientationPortrait UIInterfaceOrientationLandscapeLeft UIInterfaceOrientationLandscapeRight";
				LD_RUNPATH_SEARCH_PATHS = (
					"$(inherited)",
					"@executable_path/Frameworks",
				);
				MARKETING_VERSION = 1.0;
				PRODUCT_BUNDLE_IDENTIFIER = com.skaix.Ability;
				PRODUCT_NAME = "$(TARGET_NAME)";
				SWIFT_EMIT_LOC_STRINGS = YES;
				SWIFT_VERSION = 5.0;
				TARGETED_DEVICE_FAMILY = "1,2";
			};
			name = Release;
		};
		26FDB21C27B0431600A5B8C9 /* Debug */ = {
			isa = XCBuildConfiguration;
			buildSettings = {
				ALWAYS_EMBED_SWIFT_STANDARD_LIBRARIES = YES;
				BUNDLE_LOADER = "$(TEST_HOST)";
				CODE_SIGN_STYLE = Automatic;
				CURRENT_PROJECT_VERSION = 1;
				DEVELOPMENT_TEAM = 7AL6AYBK23;
				GENERATE_INFOPLIST_FILE = YES;
				IPHONEOS_DEPLOYMENT_TARGET = 15.2;
				MARKETING_VERSION = 1.0;
				PRODUCT_BUNDLE_IDENTIFIER = com.skaix.AbilityTests;
				PRODUCT_NAME = "$(TARGET_NAME)";
				SWIFT_EMIT_LOC_STRINGS = NO;
				SWIFT_VERSION = 5.0;
				TARGETED_DEVICE_FAMILY = "1,2";
				TEST_HOST = "$(BUILT_PRODUCTS_DIR)/Ability.app/Ability";
			};
			name = Debug;
		};
		26FDB21D27B0431600A5B8C9 /* Release */ = {
			isa = XCBuildConfiguration;
			buildSettings = {
				ALWAYS_EMBED_SWIFT_STANDARD_LIBRARIES = YES;
				BUNDLE_LOADER = "$(TEST_HOST)";
				CODE_SIGN_STYLE = Automatic;
				CURRENT_PROJECT_VERSION = 1;
				DEVELOPMENT_TEAM = 7AL6AYBK23;
				GENERATE_INFOPLIST_FILE = YES;
				IPHONEOS_DEPLOYMENT_TARGET = 15.2;
				MARKETING_VERSION = 1.0;
				PRODUCT_BUNDLE_IDENTIFIER = com.skaix.AbilityTests;
				PRODUCT_NAME = "$(TARGET_NAME)";
				SWIFT_EMIT_LOC_STRINGS = NO;
				SWIFT_VERSION = 5.0;
				TARGETED_DEVICE_FAMILY = "1,2";
				TEST_HOST = "$(BUILT_PRODUCTS_DIR)/Ability.app/Ability";
			};
			name = Release;
		};
		26FDB21F27B0431600A5B8C9 /* Debug */ = {
			isa = XCBuildConfiguration;
			buildSettings = {
				ALWAYS_EMBED_SWIFT_STANDARD_LIBRARIES = YES;
				CODE_SIGN_STYLE = Automatic;
				CURRENT_PROJECT_VERSION = 1;
				DEVELOPMENT_TEAM = 7AL6AYBK23;
				GENERATE_INFOPLIST_FILE = YES;
				MARKETING_VERSION = 1.0;
				PRODUCT_BUNDLE_IDENTIFIER = com.skaix.AbilityUITests;
				PRODUCT_NAME = "$(TARGET_NAME)";
				SWIFT_EMIT_LOC_STRINGS = NO;
				SWIFT_VERSION = 5.0;
				TARGETED_DEVICE_FAMILY = "1,2";
				TEST_TARGET_NAME = Ability;
			};
			name = Debug;
		};
		26FDB22027B0431600A5B8C9 /* Release */ = {
			isa = XCBuildConfiguration;
			buildSettings = {
				ALWAYS_EMBED_SWIFT_STANDARD_LIBRARIES = YES;
				CODE_SIGN_STYLE = Automatic;
				CURRENT_PROJECT_VERSION = 1;
				DEVELOPMENT_TEAM = 7AL6AYBK23;
				GENERATE_INFOPLIST_FILE = YES;
				MARKETING_VERSION = 1.0;
				PRODUCT_BUNDLE_IDENTIFIER = com.skaix.AbilityUITests;
				PRODUCT_NAME = "$(TARGET_NAME)";
				SWIFT_EMIT_LOC_STRINGS = NO;
				SWIFT_VERSION = 5.0;
				TARGETED_DEVICE_FAMILY = "1,2";
				TEST_TARGET_NAME = Ability;
			};
			name = Release;
		};
/* End XCBuildConfiguration section */

/* Begin XCConfigurationList section */
		26FDB1EF27B0431300A5B8C9 /* Build configuration list for PBXProject "Ability" */ = {
			isa = XCConfigurationList;
			buildConfigurations = (
				26FDB21627B0431600A5B8C9 /* Debug */,
				26FDB21727B0431600A5B8C9 /* Release */,
			);
			defaultConfigurationIsVisible = 0;
			defaultConfigurationName = Release;
		};
		26FDB21827B0431600A5B8C9 /* Build configuration list for PBXNativeTarget "Ability" */ = {
			isa = XCConfigurationList;
			buildConfigurations = (
				26FDB21927B0431600A5B8C9 /* Debug */,
				26FDB21A27B0431600A5B8C9 /* Release */,
			);
			defaultConfigurationIsVisible = 0;
			defaultConfigurationName = Release;
		};
		26FDB21B27B0431600A5B8C9 /* Build configuration list for PBXNativeTarget "AbilityTests" */ = {
			isa = XCConfigurationList;
			buildConfigurations = (
				26FDB21C27B0431600A5B8C9 /* Debug */,
				26FDB21D27B0431600A5B8C9 /* Release */,
			);
			defaultConfigurationIsVisible = 0;
			defaultConfigurationName = Release;
		};
		26FDB21E27B0431600A5B8C9 /* Build configuration list for PBXNativeTarget "AbilityUITests" */ = {
			isa = XCConfigurationList;
			buildConfigurations = (
				26FDB21F27B0431600A5B8C9 /* Debug */,
				26FDB22027B0431600A5B8C9 /* Release */,
			);
			defaultConfigurationIsVisible = 0;
			defaultConfigurationName = Release;
		};
/* End XCConfigurationList section */
	};
	rootObject = 26FDB1EC27B0431300A5B8C9 /* Project object */;
}
